
Microsoft Visual Studio Solution File, Format Version 12.00
# Visual Studio 15
VisualStudioVersion = 15.0.26403.7
MinimumVisualStudioVersion = 10.0.40219.1
Project("{FAE04EC0-301F-11D3-BF4B-00C04F79EFBC}") = "Prisma", "Prisma\Prisma.csproj", "{C0555D88-91C5-427E-AEDA-B576C85D479F}"
EndProject
Project("{FAE04EC0-301F-11D3-BF4B-00C04F79EFBC}") = "Samples", "Samples\Samples.csproj", "{8E4E1572-E5BD-4BB9-8D08-63EE0374C329}"
EndProject
Global
	GlobalSection(SolutionConfigurationPlatforms) = preSolution
		Debug|Any CPU = Debug|Any CPU
		Release|Any CPU = Release|Any CPU
	EndGlobalSection
	GlobalSection(ProjectConfigurationPlatforms) = postSolution
		{C0555D88-91C5-427E-AEDA-B576C85D479F}.Debug|Any CPU.ActiveCfg = Debug|Any CPU
		{C0555D88-91C5-427E-AEDA-B576C85D479F}.Debug|Any CPU.Build.0 = Debug|Any CPU
		{C0555D88-91C5-427E-AEDA-B576C85D479F}.Release|Any CPU.ActiveCfg = Release|Any CPU
		{C0555D88-91C5-427E-AEDA-B576C85D479F}.Release|Any CPU.Build.0 = Release|Any CPU
		{8E4E1572-E5BD-4BB9-8D08-63EE0374C329}.Debug|Any CPU.ActiveCfg = Debug|Any CPU
		{8E4E1572-E5BD-4BB9-8D08-63EE0374C329}.Debug|Any CPU.Build.0 = Debug|Any CPU
		{8E4E1572-E5BD-4BB9-8D08-63EE0374C329}.Release|Any CPU.ActiveCfg = Release|Any CPU
		{8E4E1572-E5BD-4BB9-8D08-63EE0374C329}.Release|Any CPU.Build.0 = Release|Any CPU
	EndGlobalSection
	GlobalSection(SolutionProperties) = preSolution
		HideSolutionNode = FALSE
	EndGlobalSection
EndGlobal
